
Microsoft Visual Studio Solution File, Format Version 11.00
# Visual Studio 2010
Project("{FAE04EC0-301F-11D3-BF4B-00C04F79EFBC}") = "Assembly-CSharp-firstpass", "Assembly-CSharp-firstpass.csproj", "{0557B2AF-3A6A-9F32-4621-8A2BE4367D64}"
EndProject
Project("{FAE04EC0-301F-11D3-BF4B-00C04F79EFBC}") = "Assembly-CSharp", "Assembly-CSharp.csproj", "{DCE493DF-97BB-972B-EF16-ECB580369DE7}"
EndProject
Global
	GlobalSection(SolutionConfigurationPlatforms) = preSolution
		Debug|Any CPU = Debug|Any CPU
		Release|Any CPU = Release|Any CPU
	EndGlobalSection
	GlobalSection(ProjectConfigurationPlatforms) = postSolution
		{0557B2AF-3A6A-9F32-4621-8A2BE4367D64}.Debug|Any CPU.ActiveCfg = Debug|Any CPU
		{0557B2AF-3A6A-9F32-4621-8A2BE4367D64}.Debug|Any CPU.Build.0 = Debug|Any CPU
		{0557B2AF-3A6A-9F32-4621-8A2BE4367D64}.Release|Any CPU.ActiveCfg = Release|Any CPU
		{0557B2AF-3A6A-9F32-4621-8A2BE4367D64}.Release|Any CPU.Build.0 = Release|Any CPU
		{DCE493DF-97BB-972B-EF16-ECB580369DE7}.Debug|Any CPU.ActiveCfg = Debug|Any CPU
		{DCE493DF-97BB-972B-EF16-ECB580369DE7}.Debug|Any CPU.Build.0 = Debug|Any CPU
		{DCE493DF-97BB-972B-EF16-ECB580369DE7}.Release|Any CPU.ActiveCfg = Release|Any CPU
		{DCE493DF-97BB-972B-EF16-ECB580369DE7}.Release|Any CPU.Build.0 = Release|Any CPU
	EndGlobalSection
	GlobalSection(SolutionProperties) = preSolution
		HideSolutionNode = FALSE
	EndGlobalSection
EndGlobal
